{
  "name": "changesets-and-gitlab-flow",
  "version": "1.0.0",
  "lockfileVersion": 3,
  "requires": true,
  "packages": {
    "": {
      "name": "changesets-and-gitlab-flow",
      "version": "1.0.0",
      "license": "ISC",
      "workspaces": [
        "packages/a"
      ]
    },
    "node_modules/@derpipo/a": {
      "resolved": "packages/a",
      "link": true
    },
    "packages/a": {
      "name": "@derpipo/a",
      "version": "0.0.0",
      "license": "ISC"
    }
  }
}
